// !$*UTF8*$!
{
	archiveVersion = 1;
	classes = {
	};
	objectVersion = 77;
	objects = {

/* Begin PBXFileReference section */
		7BEB2CD310624CE6A03502DC /* DebridMusic.app */ = {isa = PBXFileReference; explicitFileType = wrapper.application; includeInIndex = 0; path = DebridMusic.app; sourceTree = BUILT_PRODUCTS_DIR; };
/* End PBXFileReference section */

/* Begin PBXFileSystemSynchronizedRootGroup section */
		2AC07C7CFF62463A93E62544 /* DebridMusic */ = {
			isa = PBXFileSystemSynchronizedRootGroup;
			path = DebridMusic;
			sourceTree = "<group>";
		};
/* End PBXFileSystemSynchronizedRootGroup section */

/* Begin PBXFrameworksBuildPhase section */
		A277FB05AE944597BDBDA1B4 /* Frameworks */ = {
			isa = PBXFrameworksBuildPhase;
			buildActionMask = 2147483647;
			files = (
				C21AD479FAEA4EE089B2D15B /* DebridMusicKit in Frameworks */,
			);
			runOnlyForDeploymentPostprocessing = 0;
		};
/* End PBXFrameworksBuildPhase section */

/* Begin PBXBuildFile section */
		C21AD479FAEA4EE089B2D15B /* DebridMusicKit in Frameworks */ = {isa = PBXBuildFile; productRef = 9BFFD35639B042D1819114FD /* DebridMusicKit */; };
/* End PBXBuildFile section */

/* Begin PBXGroup section */
		45CB40CD65174BC4A1205223 = {
			isa = PBXGroup;
			children = (
				2AC07C7CFF62463A93E62544 /* DebridMusic */,
				6DFFA96DA302473DB0F28C6C /* Products */,
			);
			sourceTree = "<group>";
		};
		6DFFA96DA302473DB0F28C6C /* Products */ = {
			isa = PBXGroup;
			children = (
				7BEB2CD310624CE6A03502DC /* DebridMusic.app */,
			);
			name = Products;
			sourceTree = "<group>";
		};
/* End PBXGroup section */

/* Begin PBXNativeTarget section */
		257D68F8488E4EFB851BD0BA /* DebridMusic */ = {
			isa = PBXNativeTarget;
			buildConfigurationList = 383980CB80CE459BA91C9BCE /* Build configuration list for PBXNativeTarget "DebridMusic" */;
			buildPhases = (
				188E7D5989714F8881210FC3 /* Sources */,
				A277FB05AE944597BDBDA1B4 /* Frameworks */,
				F4CE59188B0D42E6A6100AF5 /* Resources */,
			);
			buildRules = (
			);
			dependencies = (
			);
			fileSystemSynchronizedGroups = (
				2AC07C7CFF62463A93E62544 /* DebridMusic */,
			);
			name = DebridMusic;
			packageProductDependencies = (
				9BFFD35639B042D1819114FD /* DebridMusicKit */,
			);
			productName = DebridMusic;
			productReference = 7BEB2CD310624CE6A03502DC /* DebridMusic.app */;
			productType = "com.apple.product-type.application";
		};
/* End PBXNativeTarget section */

/* Begin PBXProject section */
		A4EF95A0C548483ABC52BFA7 /* Project object */ = {
			isa = PBXProject;
			attributes = {
				BuildIndependentTargetsInParallel = 1;
				LastSwiftUpdateCheck = 2650;
				LastUpgradeCheck = 2650;
				TargetAttributes = {
					257D68F8488E4EFB851BD0BA = {
						CreatedOnToolsVersion = 26.5;
					};
				};
			};
			buildConfigurationList = E2A8DE4A3CC942BB8D2131A9 /* Build configuration list for PBXProject "DebridMusic" */;
			developmentRegion = en;
			hasScannedForEncodings = 0;
			knownRegions = (
				en,
				nl,
				Base,
			);
			mainGroup = 45CB40CD65174BC4A1205223;
			minimizedProjectReferenceProxies = 1;
			packageReferences = (
				E3CF1D08F88B4A6FA659C34F /* XCLocalSwiftPackageReference "DebridMusicKit" */,
			);
			preferredProjectObjectVersion = 77;
			productRefGroup = 6DFFA96DA302473DB0F28C6C /* Products */;
			projectDirPath = "";
			projectRoot = "";
			targets = (
				257D68F8488E4EFB851BD0BA /* DebridMusic */,
			);
		};
/* End PBXProject section */

/* Begin PBXResourcesBuildPhase section */
		F4CE59188B0D42E6A6100AF5 /* Resources */ = {
			isa = PBXResourcesBuildPhase;
			buildActionMask = 2147483647;
			files = (
			);
			runOnlyForDeploymentPostprocessing = 0;
		};
/* End PBXResourcesBuildPhase section */

/* Begin PBXSourcesBuildPhase section */
		188E7D5989714F8881210FC3 /* Sources */ = {
			isa = PBXSourcesBuildPhase;
			buildActionMask = 2147483647;
			files = (
			);
			runOnlyForDeploymentPostprocessing = 0;
		};
/* End PBXSourcesBuildPhase section */

/* Begin XCBuildConfiguration section */
		9619BB78302D4547B4B356C8 /* Debug */ = {
			isa = XCBuildConfiguration;
			buildSettings = {
				ALWAYS_SEARCH_USER_PATHS = NO;
				CLANG_ENABLE_OBJC_WEAK = YES;
				COPY_PHASE_STRIP = NO;
				DEBUG_INFORMATION_FORMAT = dwarf;
				ENABLE_STRICT_OBJC_MSGSEND = YES;
				ENABLE_TESTABILITY = YES;
				GCC_OPTIMIZATION_LEVEL = 0;
				GCC_PREPROCESSOR_DEFINITIONS = (
					"DEBUG=1",
					"$(inherited)",
				);
				IPHONEOS_DEPLOYMENT_TARGET = 17.0;
				MACOSX_DEPLOYMENT_TARGET = 14.0;
				MTL_ENABLE_DEBUG_INFO = INCLUDE_SOURCE;
				ONLY_ACTIVE_ARCH = YES;
				SDKROOT = auto;
				SUPPORTED_PLATFORMS = "iphoneos iphonesimulator macosx";
				SWIFT_ACTIVE_COMPILATION_CONDITIONS = "DEBUG $(inherited)";
				SWIFT_OPTIMIZATION_LEVEL = "-Onone";
				SWIFT_VERSION = 6.0;
			};
			name = Debug;
		};
		619BADFB2E424602869B9DDC /* Release */ = {
			isa = XCBuildConfiguration;
			buildSettings = {
				ALWAYS_SEARCH_USER_PATHS = NO;
				CLANG_ENABLE_OBJC_WEAK = YES;
				COPY_PHASE_STRIP = NO;
				DEBUG_INFORMATION_FORMAT = "dwarf-with-dsym";
				ENABLE_NS_ASSERTIONS = NO;
				ENABLE_STRICT_OBJC_MSGSEND = YES;
				IPHONEOS_DEPLOYMENT_TARGET = 17.0;
				MACOSX_DEPLOYMENT_TARGET = 14.0;
				MTL_ENABLE_DEBUG_INFO = NO;
				SDKROOT = auto;
				SUPPORTED_PLATFORMS = "iphoneos iphonesimulator macosx";
				SWIFT_COMPILATION_MODE = wholemodule;
				SWIFT_VERSION = 6.0;
				VALIDATE_PRODUCT = YES;
			};
			name = Release;
		};
		2BC1E79E6DE94F76BEEB9987 /* Debug */ = {
			isa = XCBuildConfiguration;
			buildSettings = {
				ASSETCATALOG_COMPILER_APPICON_NAME = AppIcon;
				CODE_SIGN_STYLE = Automatic;
				CURRENT_PROJECT_VERSION = 1;
				DEVELOPMENT_TEAM = DR8YNUC2S7;
				ENABLE_HARDENED_RUNTIME = YES;
				ENABLE_PREVIEWS = YES;
				GENERATE_INFOPLIST_FILE = YES;
				INFOPLIST_FILE = Supporting/Info.plist;
				INFOPLIST_KEY_CFBundleDisplayName = DebridMusic;
				INFOPLIST_KEY_LSApplicationCategoryType = "public.app-category.music";
				INFOPLIST_KEY_UIApplicationSceneManifest_Generation = YES;
				INFOPLIST_KEY_UILaunchScreen_Generation = YES;
				INFOPLIST_KEY_UISupportedInterfaceOrientations = "UIInterfaceOrientationPortrait UIInterfaceOrientationLandscapeLeft UIInterfaceOrientationLandscapeRight UIInterfaceOrientationPortraitUpsideDown";
				LD_RUNPATH_SEARCH_PATHS = (
					"$(inherited)",
					"@executable_path/Frameworks",
					"@executable_path/../Frameworks",
				);
				MARKETING_VERSION = 1.0;
				PRODUCT_BUNDLE_IDENTIFIER = com.debridmusic.app;
				PRODUCT_NAME = "$(TARGET_NAME)";
				SWIFT_EMIT_LOC_STRINGS = YES;
				TARGETED_DEVICE_FAMILY = "1,2";
			};
			name = Debug;
		};
		655E5BF357CC4E6C860B87AC /* Release */ = {
			isa = XCBuildConfiguration;
			buildSettings = {
				ASSETCATALOG_COMPILER_APPICON_NAME = AppIcon;
				CODE_SIGN_STYLE = Automatic;
				CURRENT_PROJECT_VERSION = 1;
				DEVELOPMENT_TEAM = DR8YNUC2S7;
				ENABLE_HARDENED_RUNTIME = YES;
				ENABLE_PREVIEWS = YES;
				GENERATE_INFOPLIST_FILE = YES;
				INFOPLIST_FILE = Supporting/Info.plist;
				INFOPLIST_KEY_CFBundleDisplayName = DebridMusic;
				INFOPLIST_KEY_LSApplicationCategoryType = "public.app-category.music";
				INFOPLIST_KEY_UIApplicationSceneManifest_Generation = YES;
				INFOPLIST_KEY_UILaunchScreen_Generation = YES;
				INFOPLIST_KEY_UISupportedInterfaceOrientations = "UIInterfaceOrientationPortrait UIInterfaceOrientationLandscapeLeft UIInterfaceOrientationLandscapeRight UIInterfaceOrientationPortraitUpsideDown";
				LD_RUNPATH_SEARCH_PATHS = (
					"$(inherited)",
					"@executable_path/Frameworks",
					"@executable_path/../Frameworks",
				);
				MARKETING_VERSION = 1.0;
				PRODUCT_BUNDLE_IDENTIFIER = com.debridmusic.app;
				PRODUCT_NAME = "$(TARGET_NAME)";
				SWIFT_EMIT_LOC_STRINGS = YES;
				TARGETED_DEVICE_FAMILY = "1,2";
			};
			name = Release;
		};
/* End XCBuildConfiguration section */

/* Begin XCConfigurationList section */
		E2A8DE4A3CC942BB8D2131A9 /* Build configuration list for PBXProject "DebridMusic" */ = {
			isa = XCConfigurationList;
			buildConfigurations = (
				9619BB78302D4547B4B356C8 /* Debug */,
				619BADFB2E424602869B9DDC /* Release */,
			);
			defaultConfigurationIsVisible = 0;
			defaultConfigurationName = Release;
		};
		383980CB80CE459BA91C9BCE /* Build configuration list for PBXNativeTarget "DebridMusic" */ = {
			isa = XCConfigurationList;
			buildConfigurations = (
				2BC1E79E6DE94F76BEEB9987 /* Debug */,
				655E5BF357CC4E6C860B87AC /* Release */,
			);
			defaultConfigurationIsVisible = 0;
			defaultConfigurationName = Release;
		};
/* End XCConfigurationList section */

/* Begin XCLocalSwiftPackageReference section */
		E3CF1D08F88B4A6FA659C34F /* XCLocalSwiftPackageReference "DebridMusicKit" */ = {
			isa = XCLocalSwiftPackageReference;
			relativePath = DebridMusicKit;
		};
/* End XCLocalSwiftPackageReference section */

/* Begin XCSwiftPackageProductDependency section */
		9BFFD35639B042D1819114FD /* DebridMusicKit */ = {
			isa = XCSwiftPackageProductDependency;
			productName = DebridMusicKit;
		};
/* End XCSwiftPackageProductDependency section */
	};
	rootObject = A4EF95A0C548483ABC52BFA7 /* Project object */;
}
